
Microsoft Visual Studio Solution File, Format Version 12.00
# Visual Studio 15
VisualStudioVersion = 15.0.27004.2009
MinimumVisualStudioVersion = 10.0.40219.1
Project("{FAE04EC0-301F-11D3-BF4B-00C04F79EFBC}") = "ProjectTwo", "ProjectTwo\ProjectTwo.csproj", "{32BF57FC-9574-4991-B8C8-701CF4D660CA}"
EndProject
Global
	GlobalSection(SolutionConfigurationPlatforms) = preSolution
		Debug|Any CPU = Debug|Any CPU
		Release|Any CPU = Release|Any CPU
	EndGlobalSection
	GlobalSection(ProjectConfigurationPlatforms) = postSolution
		{32BF57FC-9574-4991-B8C8-701CF4D660CA}.Debug|Any CPU.ActiveCfg = Debug|Any CPU
		{32BF57FC-9574-4991-B8C8-701CF4D660CA}.Debug|Any CPU.Build.0 = Debug|Any CPU
		{32BF57FC-9574-4991-B8C8-701CF4D660CA}.Release|Any CPU.ActiveCfg = Release|Any CPU
		{32BF57FC-9574-4991-B8C8-701CF4D660CA}.Release|Any CPU.Build.0 = Release|Any CPU
	EndGlobalSection
	GlobalSection(SolutionProperties) = preSolution
		HideSolutionNode = FALSE
	EndGlobalSection
	GlobalSection(ExtensibilityGlobals) = postSolution
		SolutionGuid = {B46776E6-1284-4A65-9633-583F1B2D1592}
	EndGlobalSection
EndGlobal
